
Microsoft Visual Studio Solution File, Format Version 12.00
# Visual Studio Version 17
VisualStudioVersion = 17.11.35219.272
MinimumVisualStudioVersion = 10.0.40219.1
Project("{9A19103F-16F7-4668-BE54-9A1E7A4F7556}") = "Shopping_Store", "Shopping_Store\Shopping_Store.csproj", "{0C596CFF-7200-43E6-9B46-B9CEDE1638A2}"
EndProject
Project("{9A19103F-16F7-4668-BE54-9A1E7A4F7556}") = "Shopping_Store_Bussiness", "Shopping_Store_Bussiness\Shopping_Store_Bussiness.csproj", "{F376911C-4D9C-4435-9153-179E81F416E9}"
EndProject
Project("{9A19103F-16F7-4668-BE54-9A1E7A4F7556}") = "Shopping_Store_Data", "Shopping_Store_Data\Shopping_Store_Data.csproj", "{3A50D2ED-34AD-4F35-A63C-5863FA4C6180}"
EndProject
Global
	GlobalSection(SolutionConfigurationPlatforms) = preSolution
		Debug|Any CPU = Debug|Any CPU
		Release|Any CPU = Release|Any CPU
	EndGlobalSection
	GlobalSection(ProjectConfigurationPlatforms) = postSolution
		{0C596CFF-7200-43E6-9B46-B9CEDE1638A2}.Debug|Any CPU.ActiveCfg = Debug|Any CPU
		{0C596CFF-7200-43E6-9B46-B9CEDE1638A2}.Debug|Any CPU.Build.0 = Debug|Any CPU
		{0C596CFF-7200-43E6-9B46-B9CEDE1638A2}.Release|Any CPU.ActiveCfg = Release|Any CPU
		{0C596CFF-7200-43E6-9B46-B9CEDE1638A2}.Release|Any CPU.Build.0 = Release|Any CPU
		{F376911C-4D9C-4435-9153-179E81F416E9}.Debug|Any CPU.ActiveCfg = Debug|Any CPU
		{F376911C-4D9C-4435-9153-179E81F416E9}.Debug|Any CPU.Build.0 = Debug|Any CPU
		{F376911C-4D9C-4435-9153-179E81F416E9}.Release|Any CPU.ActiveCfg = Release|Any CPU
		{F376911C-4D9C-4435-9153-179E81F416E9}.Release|Any CPU.Build.0 = Release|Any CPU
		{3A50D2ED-34AD-4F35-A63C-5863FA4C6180}.Debug|Any CPU.ActiveCfg = Debug|Any CPU
		{3A50D2ED-34AD-4F35-A63C-5863FA4C6180}.Debug|Any CPU.Build.0 = Debug|Any CPU
		{3A50D2ED-34AD-4F35-A63C-5863FA4C6180}.Release|Any CPU.ActiveCfg = Release|Any CPU
		{3A50D2ED-34AD-4F35-A63C-5863FA4C6180}.Release|Any CPU.Build.0 = Release|Any CPU
	EndGlobalSection
	GlobalSection(SolutionProperties) = preSolution
		HideSolutionNode = FALSE
	EndGlobalSection
	GlobalSection(ExtensibilityGlobals) = postSolution
		SolutionGuid = {E9D16262-3E02-441B-9B40-E84818225A46}
	EndGlobalSection
EndGlobal
